
Microsoft Visual Studio Solution File, Format Version 12.00
# Visual Studio Version 17
VisualStudioVersion = 17.3.32825.248
MinimumVisualStudioVersion = 10.0.40219.1
Project("{FAE04EC0-301F-11D3-BF4B-00C04F79EFBC}") = "Lista1ex3", "Lista1ex3\Lista1ex3.csproj", "{DED7DD87-DF08-41F1-9B5A-9417D0E09BC9}"
EndProject
Global
	GlobalSection(SolutionConfigurationPlatforms) = preSolution
		Debug|Any CPU = Debug|Any CPU
		Release|Any CPU = Release|Any CPU
	EndGlobalSection
	GlobalSection(ProjectConfigurationPlatforms) = postSolution
		{DED7DD87-DF08-41F1-9B5A-9417D0E09BC9}.Debug|Any CPU.ActiveCfg = Debug|Any CPU
		{DED7DD87-DF08-41F1-9B5A-9417D0E09BC9}.Debug|Any CPU.Build.0 = Debug|Any CPU
		{DED7DD87-DF08-41F1-9B5A-9417D0E09BC9}.Release|Any CPU.ActiveCfg = Release|Any CPU
		{DED7DD87-DF08-41F1-9B5A-9417D0E09BC9}.Release|Any CPU.Build.0 = Release|Any CPU
	EndGlobalSection
	GlobalSection(SolutionProperties) = preSolution
		HideSolutionNode = FALSE
	EndGlobalSection
	GlobalSection(ExtensibilityGlobals) = postSolution
		SolutionGuid = {53739070-61D1-4202-8235-6A27120004B2}
	EndGlobalSection
EndGlobal
