
Microsoft Visual Studio Solution File, Format Version 12.00
# Visual Studio Version 17
VisualStudioVersion = 17.9.34728.123
MinimumVisualStudioVersion = 10.0.40219.1
Project("{FAE04EC0-301F-11D3-BF4B-00C04F79EFBC}") = "Lista1ex11", "Lista1ex11\Lista1ex11.csproj", "{D16EBB85-7396-4DEB-B73E-9A870677B0FD}"
EndProject
Global
	GlobalSection(SolutionConfigurationPlatforms) = preSolution
		Debug|Any CPU = Debug|Any CPU
		Release|Any CPU = Release|Any CPU
	EndGlobalSection
	GlobalSection(ProjectConfigurationPlatforms) = postSolution
		{D16EBB85-7396-4DEB-B73E-9A870677B0FD}.Debug|Any CPU.ActiveCfg = Debug|Any CPU
		{D16EBB85-7396-4DEB-B73E-9A870677B0FD}.Debug|Any CPU.Build.0 = Debug|Any CPU
		{D16EBB85-7396-4DEB-B73E-9A870677B0FD}.Release|Any CPU.ActiveCfg = Release|Any CPU
		{D16EBB85-7396-4DEB-B73E-9A870677B0FD}.Release|Any CPU.Build.0 = Release|Any CPU
	EndGlobalSection
	GlobalSection(SolutionProperties) = preSolution
		HideSolutionNode = FALSE
	EndGlobalSection
	GlobalSection(ExtensibilityGlobals) = postSolution
		SolutionGuid = {D43CC001-C311-4833-8C9A-C6A9C6E32612}
	EndGlobalSection
EndGlobal
