
Microsoft Visual Studio Solution File, Format Version 12.00
# Visual Studio Version 17
VisualStudioVersion = 17.3.32825.248
MinimumVisualStudioVersion = 10.0.40219.1
Project("{FAE04EC0-301F-11D3-BF4B-00C04F79EFBC}") = "Lista1ex2", "Lista1ex2\Lista1ex2.csproj", "{601FB2E5-BB3B-4ACF-83D0-910FC56A7861}"
EndProject
Global
	GlobalSection(SolutionConfigurationPlatforms) = preSolution
		Debug|Any CPU = Debug|Any CPU
		Release|Any CPU = Release|Any CPU
	EndGlobalSection
	GlobalSection(ProjectConfigurationPlatforms) = postSolution
		{601FB2E5-BB3B-4ACF-83D0-910FC56A7861}.Debug|Any CPU.ActiveCfg = Debug|Any CPU
		{601FB2E5-BB3B-4ACF-83D0-910FC56A7861}.Debug|Any CPU.Build.0 = Debug|Any CPU
		{601FB2E5-BB3B-4ACF-83D0-910FC56A7861}.Release|Any CPU.ActiveCfg = Release|Any CPU
		{601FB2E5-BB3B-4ACF-83D0-910FC56A7861}.Release|Any CPU.Build.0 = Release|Any CPU
	EndGlobalSection
	GlobalSection(SolutionProperties) = preSolution
		HideSolutionNode = FALSE
	EndGlobalSection
	GlobalSection(ExtensibilityGlobals) = postSolution
		SolutionGuid = {D4607AAF-3A5E-4425-9D69-B7E95F9ABB9E}
	EndGlobalSection
EndGlobal
