
Microsoft Visual Studio Solution File, Format Version 12.00
# Visual Studio Version 17
VisualStudioVersion = 17.9.34728.123
MinimumVisualStudioVersion = 10.0.40219.1
Project("{FAE04EC0-301F-11D3-BF4B-00C04F79EFBC}") = "Lista1ex10", "Lista1ex10\Lista1ex10.csproj", "{00D6F0E8-7697-4299-BD5C-EDC954C5D2AD}"
EndProject
Global
	GlobalSection(SolutionConfigurationPlatforms) = preSolution
		Debug|Any CPU = Debug|Any CPU
		Release|Any CPU = Release|Any CPU
	EndGlobalSection
	GlobalSection(ProjectConfigurationPlatforms) = postSolution
		{00D6F0E8-7697-4299-BD5C-EDC954C5D2AD}.Debug|Any CPU.ActiveCfg = Debug|Any CPU
		{00D6F0E8-7697-4299-BD5C-EDC954C5D2AD}.Debug|Any CPU.Build.0 = Debug|Any CPU
		{00D6F0E8-7697-4299-BD5C-EDC954C5D2AD}.Release|Any CPU.ActiveCfg = Release|Any CPU
		{00D6F0E8-7697-4299-BD5C-EDC954C5D2AD}.Release|Any CPU.Build.0 = Release|Any CPU
	EndGlobalSection
	GlobalSection(SolutionProperties) = preSolution
		HideSolutionNode = FALSE
	EndGlobalSection
	GlobalSection(ExtensibilityGlobals) = postSolution
		SolutionGuid = {B4E8C079-F698-459D-8375-91A142C9A588}
	EndGlobalSection
EndGlobal
